{
  "requires": true,
  "lockfileVersion": 1,
  "dependencies": {
    "pradeepkumaresan-frame-print": {
      "version": "1.0.0",
      "resolved": "https://registry.npmjs.org/pradeepkumaresan-frame-print/-/pradeepkumaresan-frame-print-1.0.0.tgz",
      "integrity": "sha512-2ZOWrrVi5j13FeiC63/3XPy2YXJgwNP9r82Kw/IKGu3e+WWnsKJVxC572bli04W270zg/btP9kVCfavgkYjC1A=="
    }
  }
}
